
Microsoft Visual Studio Solution File, Format Version 12.00
# Visual Studio Version 17
VisualStudioVersion = 17.10.34607.79
MinimumVisualStudioVersion = 10.0.40219.1
Project("{FAE04EC0-301F-11D3-BF4B-00C04F79EFBC}") = "MW3SpecOps", "MW3SpecOps\MW3SpecOps.csproj", "{AA17D4C2-B0D3-4DA2-A796-9143F4278EA2}"
EndProject
Global
	GlobalSection(SolutionConfigurationPlatforms) = preSolution
		Debug|Any CPU = Debug|Any CPU
		Release|Any CPU = Release|Any CPU
	EndGlobalSection
	GlobalSection(ProjectConfigurationPlatforms) = postSolution
		{AA17D4C2-B0D3-4DA2-A796-9143F4278EA2}.Debug|Any CPU.ActiveCfg = Debug|Any CPU
		{AA17D4C2-B0D3-4DA2-A796-9143F4278EA2}.Debug|Any CPU.Build.0 = Debug|Any CPU
		{AA17D4C2-B0D3-4DA2-A796-9143F4278EA2}.Release|Any CPU.ActiveCfg = Release|Any CPU
		{AA17D4C2-B0D3-4DA2-A796-9143F4278EA2}.Release|Any CPU.Build.0 = Release|Any CPU
	EndGlobalSection
	GlobalSection(SolutionProperties) = preSolution
		HideSolutionNode = FALSE
	EndGlobalSection
	GlobalSection(ExtensibilityGlobals) = postSolution
		SolutionGuid = {BCEE42FE-92C9-4805-86DF-54ED598BDAAD}
	EndGlobalSection
EndGlobal
